// !$*UTF8*$!
{
	archiveVersion = 1;
	classes = {
	};
	objectVersion = 77;
	objects = {

/* Begin PBXContainerItemProxy section */
		35687ED22CC7930000C2E975 /* PBXContainerItemProxy */ = {
			isa = PBXContainerItemProxy;
			containerPortal = 35687EB92CC792FD00C2E975 /* Project object */;
			proxyType = 1;
			remoteGlobalIDString = 35687EC02CC792FE00C2E975;
			remoteInfo = "Helmet Detection";
		};
		35687EDC2CC7930000C2E975 /* PBXContainerItemProxy */ = {
			isa = PBXContainerItemProxy;
			containerPortal = 35687EB92CC792FD00C2E975 /* Project object */;
			proxyType = 1;
			remoteGlobalIDString = 35687EC02CC792FE00C2E975;
			remoteInfo = "Helmet Detection";
		};
/* End PBXContainerItemProxy section */

/* Begin PBXFileReference section */
		35687EC12CC792FE00C2E975 /* Helmet Detection.app */ = {isa = PBXFileReference; explicitFileType = wrapper.application; includeInIndex = 0; path = "Helmet Detection.app"; sourceTree = BUILT_PRODUCTS_DIR; };
		35687ED12CC7930000C2E975 /* Helmet DetectionTests.xctest */ = {isa = PBXFileReference; explicitFileType = wrapper.cfbundle; includeInIndex = 0; path = "Helmet DetectionTests.xctest"; sourceTree = BUILT_PRODUCTS_DIR; };
		35687EDB2CC7930000C2E975 /* Helmet DetectionUITests.xctest */ = {isa = PBXFileReference; explicitFileType = wrapper.cfbundle; includeInIndex = 0; path = "Helmet DetectionUITests.xctest"; sourceTree = BUILT_PRODUCTS_DIR; };
/* End PBXFileReference section */

/* Begin PBXFileSystemSynchronizedRootGroup section */
		35687EC32CC792FE00C2E975 /* Helmet Detection */ = {
			isa = PBXFileSystemSynchronizedRootGroup;
			path = "Helmet Detection";
			sourceTree = "<group>";
		};
		35687ED42CC7930000C2E975 /* Helmet DetectionTests */ = {
			isa = PBXFileSystemSynchronizedRootGroup;
			path = "Helmet DetectionTests";
			sourceTree = "<group>";
		};
		35687EDE2CC7930000C2E975 /* Helmet DetectionUITests */ = {
			isa = PBXFileSystemSynchronizedRootGroup;
			path = "Helmet DetectionUITests";
			sourceTree = "<group>";
		};
/* End PBXFileSystemSynchronizedRootGroup section */

/* Begin PBXFrameworksBuildPhase section */
		35687EBE2CC792FE00C2E975 /* Frameworks */ = {
			isa = PBXFrameworksBuildPhase;
			buildActionMask = 2147483647;
			files = (
			);
			runOnlyForDeploymentPostprocessing = 0;
		};
		35687ECE2CC7930000C2E975 /* Frameworks */ = {
			isa = PBXFrameworksBuildPhase;
			buildActionMask = 2147483647;
			files = (
			);
			runOnlyForDeploymentPostprocessing = 0;
		};
		35687ED82CC7930000C2E975 /* Frameworks */ = {
			isa = PBXFrameworksBuildPhase;
			buildActionMask = 2147483647;
			files = (
			);
			runOnlyForDeploymentPostprocessing = 0;
		};
/* End PBXFrameworksBuildPhase section */

/* Begin PBXGroup section */
		35687EB82CC792FD00C2E975 = {
			isa = PBXGroup;
			children = (
				35687EC32CC792FE00C2E975 /* Helmet Detection */,
				35687ED42CC7930000C2E975 /* Helmet DetectionTests */,
				35687EDE2CC7930000C2E975 /* Helmet DetectionUITests */,
				35687EC22CC792FE00C2E975 /* Products */,
			);
			sourceTree = "<group>";
		};
		35687EC22CC792FE00C2E975 /* Products */ = {
			isa = PBXGroup;
			children = (
				35687EC12CC792FE00C2E975 /* Helmet Detection.app */,
				35687ED12CC7930000C2E975 /* Helmet DetectionTests.xctest */,
				35687EDB2CC7930000C2E975 /* Helmet DetectionUITests.xctest */,
			);
			name = Products;
			sourceTree = "<group>";
		};
/* End PBXGroup section */

/* Begin PBXNativeTarget section */
		35687EC02CC792FE00C2E975 /* Helmet Detection */ = {
			isa = PBXNativeTarget;
			buildConfigurationList = 35687EE52CC7930000C2E975 /* Build configuration list for PBXNativeTarget "Helmet Detection" */;
			buildPhases = (
				35687EBD2CC792FE00C2E975 /* Sources */,
				35687EBE2CC792FE00C2E975 /* Frameworks */,
				35687EBF2CC792FE00C2E975 /* Resources */,
			);
			buildRules = (
			);
			dependencies = (
			);
			fileSystemSynchronizedGroups = (
				35687EC32CC792FE00C2E975 /* Helmet Detection */,
			);
			name = "Helmet Detection";
			packageProductDependencies = (
			);
			productName = "Helmet Detection";
			productReference = 35687EC12CC792FE00C2E975 /* Helmet Detection.app */;
			productType = "com.apple.product-type.application";
		};
		35687ED02CC7930000C2E975 /* Helmet DetectionTests */ = {
			isa = PBXNativeTarget;
			buildConfigurationList = 35687EE82CC7930000C2E975 /* Build configuration list for PBXNativeTarget "Helmet DetectionTests" */;
			buildPhases = (
				35687ECD2CC7930000C2E975 /* Sources */,
				35687ECE2CC7930000C2E975 /* Frameworks */,
				35687ECF2CC7930000C2E975 /* Resources */,
			);
			buildRules = (
			);
			dependencies = (
				35687ED32CC7930000C2E975 /* PBXTargetDependency */,
			);
			fileSystemSynchronizedGroups = (
				35687ED42CC7930000C2E975 /* Helmet DetectionTests */,
			);
			name = "Helmet DetectionTests";
			packageProductDependencies = (
			);
			productName = "Helmet DetectionTests";
			productReference = 35687ED12CC7930000C2E975 /* Helmet DetectionTests.xctest */;
			productType = "com.apple.product-type.bundle.unit-test";
		};
		35687EDA2CC7930000C2E975 /* Helmet DetectionUITests */ = {
			isa = PBXNativeTarget;
			buildConfigurationList = 35687EEB2CC7930000C2E975 /* Build configuration list for PBXNativeTarget "Helmet DetectionUITests" */;
			buildPhases = (
				35687ED72CC7930000C2E975 /* Sources */,
				35687ED82CC7930000C2E975 /* Frameworks */,
				35687ED92CC7930000C2E975 /* Resources */,
			);
			buildRules = (
			);
			dependencies = (
				35687EDD2CC7930000C2E975 /* PBXTargetDependency */,
			);
			fileSystemSynchronizedGroups = (
				35687EDE2CC7930000C2E975 /* Helmet DetectionUITests */,
			);
			name = "Helmet DetectionUITests";
			packageProductDependencies = (
			);
			productName = "Helmet DetectionUITests";
			productReference = 35687EDB2CC7930000C2E975 /* Helmet DetectionUITests.xctest */;
			productType = "com.apple.product-type.bundle.ui-testing";
		};
/* End PBXNativeTarget section */

/* Begin PBXProject section */
		35687EB92CC792FD00C2E975 /* Project object */ = {
			isa = PBXProject;
			attributes = {
				BuildIndependentTargetsInParallel = 1;
				LastSwiftUpdateCheck = 1600;
				LastUpgradeCheck = 1600;
				TargetAttributes = {
					35687EC02CC792FE00C2E975 = {
						CreatedOnToolsVersion = 16.0;
					};
					35687ED02CC7930000C2E975 = {
						CreatedOnToolsVersion = 16.0;
						TestTargetID = 35687EC02CC792FE00C2E975;
					};
					35687EDA2CC7930000C2E975 = {
						CreatedOnToolsVersion = 16.0;
						TestTargetID = 35687EC02CC792FE00C2E975;
					};
				};
			};
			buildConfigurationList = 35687EBC2CC792FD00C2E975 /* Build configuration list for PBXProject "Helmet Detection" */;
			developmentRegion = en;
			hasScannedForEncodings = 0;
			knownRegions = (
				en,
				Base,
			);
			mainGroup = 35687EB82CC792FD00C2E975;
			minimizedProjectReferenceProxies = 1;
			preferredProjectObjectVersion = 77;
			productRefGroup = 35687EC22CC792FE00C2E975 /* Products */;
			projectDirPath = "";
			projectRoot = "";
			targets = (
				35687EC02CC792FE00C2E975 /* Helmet Detection */,
				35687ED02CC7930000C2E975 /* Helmet DetectionTests */,
				35687EDA2CC7930000C2E975 /* Helmet DetectionUITests */,
			);
		};
/* End PBXProject section */

/* Begin PBXResourcesBuildPhase section */
		35687EBF2CC792FE00C2E975 /* Resources */ = {
			isa = PBXResourcesBuildPhase;
			buildActionMask = 2147483647;
			files = (
			);
			runOnlyForDeploymentPostprocessing = 0;
		};
		35687ECF2CC7930000C2E975 /* Resources */ = {
			isa = PBXResourcesBuildPhase;
			buildActionMask = 2147483647;
			files = (
			);
			runOnlyForDeploymentPostprocessing = 0;
		};
		35687ED92CC7930000C2E975 /* Resources */ = {
			isa = PBXResourcesBuildPhase;
			buildActionMask = 2147483647;
			files = (
			);
			runOnlyForDeploymentPostprocessing = 0;
		};
/* End PBXResourcesBuildPhase section */

/* Begin PBXSourcesBuildPhase section */
		35687EBD2CC792FE00C2E975 /* Sources */ = {
			isa = PBXSourcesBuildPhase;
			buildActionMask = 2147483647;
			files = (
			);
			runOnlyForDeploymentPostprocessing = 0;
		};
		35687ECD2CC7930000C2E975 /* Sources */ = {
			isa = PBXSourcesBuildPhase;
			buildActionMask = 2147483647;
			files = (
			);
			runOnlyForDeploymentPostprocessing = 0;
		};
		35687ED72CC7930000C2E975 /* Sources */ = {
			isa = PBXSourcesBuildPhase;
			buildActionMask = 2147483647;
			files = (
			);
			runOnlyForDeploymentPostprocessing = 0;
		};
/* End PBXSourcesBuildPhase section */

/* Begin PBXTargetDependency section */
		35687ED32CC7930000C2E975 /* PBXTargetDependency */ = {
			isa = PBXTargetDependency;
			target = 35687EC02CC792FE00C2E975 /* Helmet Detection */;
			targetProxy = 35687ED22CC7930000C2E975 /* PBXContainerItemProxy */;
		};
		35687EDD2CC7930000C2E975 /* PBXTargetDependency */ = {
			isa = PBXTargetDependency;
			target = 35687EC02CC792FE00C2E975 /* Helmet Detection */;
			targetProxy = 35687EDC2CC7930000C2E975 /* PBXContainerItemProxy */;
		};
/* End PBXTargetDependency section */

/* Begin XCBuildConfiguration section */
		35687EE32CC7930000C2E975 /* Debug */ = {
			isa = XCBuildConfiguration;
			buildSettings = {
				ALWAYS_SEARCH_USER_PATHS = NO;
				ASSETCATALOG_COMPILER_GENERATE_SWIFT_ASSET_SYMBOL_EXTENSIONS = YES;
				CLANG_ANALYZER_NONNULL = YES;
				CLANG_ANALYZER_NUMBER_OBJECT_CONVERSION = YES_AGGRESSIVE;
				CLANG_CXX_LANGUAGE_STANDARD = "gnu++20";
				CLANG_ENABLE_MODULES = YES;
				CLANG_ENABLE_OBJC_ARC = YES;
				CLANG_ENABLE_OBJC_WEAK = YES;
				CLANG_WARN_BLOCK_CAPTURE_AUTORELEASING = YES;
				CLANG_WARN_BOOL_CONVERSION = YES;
				CLANG_WARN_COMMA = YES;
				CLANG_WARN_CONSTANT_CONVERSION = YES;
				CLANG_WARN_DEPRECATED_OBJC_IMPLEMENTATIONS = YES;
				CLANG_WARN_DIRECT_OBJC_ISA_USAGE = YES_ERROR;
				CLANG_WARN_DOCUMENTATION_COMMENTS = YES;
				CLANG_WARN_EMPTY_BODY = YES;
				CLANG_WARN_ENUM_CONVERSION = YES;
				CLANG_WARN_INFINITE_RECURSION = YES;
				CLANG_WARN_INT_CONVERSION = YES;
				CLANG_WARN_NON_LITERAL_NULL_CONVERSION = YES;
				CLANG_WARN_OBJC_IMPLICIT_RETAIN_SELF = YES;
				CLANG_WARN_OBJC_LITERAL_CONVERSION = YES;
				CLANG_WARN_OBJC_ROOT_CLASS = YES_ERROR;
				CLANG_WARN_QUOTED_INCLUDE_IN_FRAMEWORK_HEADER = YES;
				CLANG_WARN_RANGE_LOOP_ANALYSIS = YES;
				CLANG_WARN_STRICT_PROTOTYPES = YES;
				CLANG_WARN_SUSPICIOUS_MOVE = YES;
				CLANG_WARN_UNGUARDED_AVAILABILITY = YES_AGGRESSIVE;
				CLANG_WARN_UNREACHABLE_CODE = YES;
				CLANG_WARN__DUPLICATE_METHOD_MATCH = YES;
				COPY_PHASE_STRIP = NO;
				DEBUG_INFORMATION_FORMAT = dwarf;
				ENABLE_STRICT_OBJC_MSGSEND = YES;
				ENABLE_TESTABILITY = YES;
				ENABLE_USER_SCRIPT_SANDBOXING = YES;
				GCC_C_LANGUAGE_STANDARD = gnu17;
				GCC_DYNAMIC_NO_PIC = NO;
				GCC_NO_COMMON_BLOCKS = YES;
				GCC_OPTIMIZATION_LEVEL = 0;
				GCC_PREPROCESSOR_DEFINITIONS = (
					"DEBUG=1",
					"$(inherited)",
				);
				GCC_WARN_64_TO_32_BIT_CONVERSION = YES;
				GCC_WARN_ABOUT_RETURN_TYPE = YES_ERROR;
				GCC_WARN_UNDECLARED_SELECTOR = YES;
				GCC_WARN_UNINITIALIZED_AUTOS = YES_AGGRESSIVE;
				GCC_WARN_UNUSED_FUNCTION = YES;
				GCC_WARN_UNUSED_VARIABLE = YES;
				IPHONEOS_DEPLOYMENT_TARGET = 18.0;
				LOCALIZATION_PREFERS_STRING_CATALOGS = YES;
				MTL_ENABLE_DEBUG_INFO = INCLUDE_SOURCE;
				MTL_FAST_MATH = YES;
				ONLY_ACTIVE_ARCH = YES;
				SDKROOT = iphoneos;
				SWIFT_ACTIVE_COMPILATION_CONDITIONS = "DEBUG $(inherited)";
				SWIFT_OPTIMIZATION_LEVEL = "-Onone";
			};
			name = Debug;
		};
		35687EE42CC7930000C2E975 /* Release */ = {
			isa = XCBuildConfiguration;
			buildSettings = {
				ALWAYS_SEARCH_USER_PATHS = NO;
				ASSETCATALOG_COMPILER_GENERATE_SWIFT_ASSET_SYMBOL_EXTENSIONS = YES;
				CLANG_ANALYZER_NONNULL = YES;
				CLANG_ANALYZER_NUMBER_OBJECT_CONVERSION = YES_AGGRESSIVE;
				CLANG_CXX_LANGUAGE_STANDARD = "gnu++20";
				CLANG_ENABLE_MODULES = YES;
				CLANG_ENABLE_OBJC_ARC = YES;
				CLANG_ENABLE_OBJC_WEAK = YES;
				CLANG_WARN_BLOCK_CAPTURE_AUTORELEASING = YES;
				CLANG_WARN_BOOL_CONVERSION = YES;
				CLANG_WARN_COMMA = YES;
				CLANG_WARN_CONSTANT_CONVERSION = YES;
				CLANG_WARN_DEPRECATED_OBJC_IMPLEMENTATIONS = YES;
				CLANG_WARN_DIRECT_OBJC_ISA_USAGE = YES_ERROR;
				CLANG_WARN_DOCUMENTATION_COMMENTS = YES;
				CLANG_WARN_EMPTY_BODY = YES;
				CLANG_WARN_ENUM_CONVERSION = YES;
				CLANG_WARN_INFINITE_RECURSION = YES;
				CLANG_WARN_INT_CONVERSION = YES;
				CLANG_WARN_NON_LITERAL_NULL_CONVERSION = YES;
				CLANG_WARN_OBJC_IMPLICIT_RETAIN_SELF = YES;
				CLANG_WARN_OBJC_LITERAL_CONVERSION = YES;
				CLANG_WARN_OBJC_ROOT_CLASS = YES_ERROR;
				CLANG_WARN_QUOTED_INCLUDE_IN_FRAMEWORK_HEADER = YES;
				CLANG_WARN_RANGE_LOOP_ANALYSIS = YES;
				CLANG_WARN_STRICT_PROTOTYPES = YES;
				CLANG_WARN_SUSPICIOUS_MOVE = YES;
				CLANG_WARN_UNGUARDED_AVAILABILITY = YES_AGGRESSIVE;
				CLANG_WARN_UNREACHABLE_CODE = YES;
				CLANG_WARN__DUPLICATE_METHOD_MATCH = YES;
				COPY_PHASE_STRIP = NO;
				DEBUG_INFORMATION_FORMAT = "dwarf-with-dsym";
				ENABLE_NS_ASSERTIONS = NO;
				ENABLE_STRICT_OBJC_MSGSEND = YES;
				ENABLE_USER_SCRIPT_SANDBOXING = YES;
				GCC_C_LANGUAGE_STANDARD = gnu17;
				GCC_NO_COMMON_BLOCKS = YES;
				GCC_WARN_64_TO_32_BIT_CONVERSION = YES;
				GCC_WARN_ABOUT_RETURN_TYPE = YES_ERROR;
				GCC_WARN_UNDECLARED_SELECTOR = YES;
				GCC_WARN_UNINITIALIZED_AUTOS = YES_AGGRESSIVE;
				GCC_WARN_UNUSED_FUNCTION = YES;
				GCC_WARN_UNUSED_VARIABLE = YES;
				IPHONEOS_DEPLOYMENT_TARGET = 18.0;
				LOCALIZATION_PREFERS_STRING_CATALOGS = YES;
				MTL_ENABLE_DEBUG_INFO = NO;
				MTL_FAST_MATH = YES;
				SDKROOT = iphoneos;
				SWIFT_COMPILATION_MODE = wholemodule;
				VALIDATE_PRODUCT = YES;
			};
			name = Release;
		};
		35687EE62CC7930000C2E975 /* Debug */ = {
			isa = XCBuildConfiguration;
			buildSettings = {
				ASSETCATALOG_COMPILER_APPICON_NAME = AppIcon;
				ASSETCATALOG_COMPILER_GLOBAL_ACCENT_COLOR_NAME = AccentColor;
				CODE_SIGN_STYLE = Automatic;
				CURRENT_PROJECT_VERSION = 1;
				DEVELOPMENT_ASSET_PATHS = "\"Helmet Detection/Preview Content\"";
				DEVELOPMENT_TEAM = KRQN7Q75LR;
				ENABLE_PREVIEWS = YES;
				GENERATE_INFOPLIST_FILE = YES;
				INFOPLIST_KEY_NSCameraUsageDescription = "we will get creepy";
				INFOPLIST_KEY_NSPhotoLibraryAddUsageDescription = "";
				INFOPLIST_KEY_NSPhotoLibraryUsageDescription = "";
				INFOPLIST_KEY_UIApplicationSceneManifest_Generation = YES;
				INFOPLIST_KEY_UIApplicationSupportsIndirectInputEvents = YES;
				INFOPLIST_KEY_UILaunchScreen_Generation = YES;
				INFOPLIST_KEY_UISupportedInterfaceOrientations_iPad = "UIInterfaceOrientationPortrait UIInterfaceOrientationPortraitUpsideDown UIInterfaceOrientationLandscapeLeft UIInterfaceOrientationLandscapeRight";
				INFOPLIST_KEY_UISupportedInterfaceOrientations_iPhone = "UIInterfaceOrientationPortrait UIInterfaceOrientationLandscapeLeft UIInterfaceOrientationLandscapeRight";
				LD_RUNPATH_SEARCH_PATHS = (
					"$(inherited)",
					"@executable_path/Frameworks",
				);
				MARKETING_VERSION = 1.0;
				PRODUCT_BUNDLE_IDENTIFIER = "practice.Helmet-Detection";
				PRODUCT_NAME = "$(TARGET_NAME)";
				SWIFT_EMIT_LOC_STRINGS = YES;
				SWIFT_VERSION = 5.0;
				TARGETED_DEVICE_FAMILY = "1,2";
			};
			name = Debug;
		};
		35687EE72CC7930000C2E975 /* Release */ = {
			isa = XCBuildConfiguration;
			buildSettings = {
				ASSETCATALOG_COMPILER_APPICON_NAME = AppIcon;
				ASSETCATALOG_COMPILER_GLOBAL_ACCENT_COLOR_NAME = AccentColor;
				CODE_SIGN_STYLE = Automatic;
				CURRENT_PROJECT_VERSION = 1;
				DEVELOPMENT_ASSET_PATHS = "\"Helmet Detection/Preview Content\"";
				DEVELOPMENT_TEAM = KRQN7Q75LR;
				ENABLE_PREVIEWS = YES;
				GENERATE_INFOPLIST_FILE = YES;
				INFOPLIST_KEY_NSCameraUsageDescription = "we will get creepy";
				INFOPLIST_KEY_NSPhotoLibraryAddUsageDescription = "";
				INFOPLIST_KEY_NSPhotoLibraryUsageDescription = "";
				INFOPLIST_KEY_UIApplicationSceneManifest_Generation = YES;
				INFOPLIST_KEY_UIApplicationSupportsIndirectInputEvents = YES;
				INFOPLIST_KEY_UILaunchScreen_Generation = YES;
				INFOPLIST_KEY_UISupportedInterfaceOrientations_iPad = "UIInterfaceOrientationPortrait UIInterfaceOrientationPortraitUpsideDown UIInterfaceOrientationLandscapeLeft UIInterfaceOrientationLandscapeRight";
				INFOPLIST_KEY_UISupportedInterfaceOrientations_iPhone = "UIInterfaceOrientationPortrait UIInterfaceOrientationLandscapeLeft UIInterfaceOrientationLandscapeRight";
				LD_RUNPATH_SEARCH_PATHS = (
					"$(inherited)",
					"@executable_path/Frameworks",
				);
				MARKETING_VERSION = 1.0;
				PRODUCT_BUNDLE_IDENTIFIER = "practice.Helmet-Detection";
				PRODUCT_NAME = "$(TARGET_NAME)";
				SWIFT_EMIT_LOC_STRINGS = YES;
				SWIFT_VERSION = 5.0;
				TARGETED_DEVICE_FAMILY = "1,2";
			};
			name = Release;
		};
		35687EE92CC7930000C2E975 /* Debug */ = {
			isa = XCBuildConfiguration;
			buildSettings = {
				BUNDLE_LOADER = "$(TEST_HOST)";
				CODE_SIGN_STYLE = Automatic;
				CURRENT_PROJECT_VERSION = 1;
				DEVELOPMENT_TEAM = KRQN7Q75LR;
				GENERATE_INFOPLIST_FILE = YES;
				IPHONEOS_DEPLOYMENT_TARGET = 18.0;
				MARKETING_VERSION = 1.0;
				PRODUCT_BUNDLE_IDENTIFIER = "practice.Helmet-DetectionTests";
				PRODUCT_NAME = "$(TARGET_NAME)";
				SWIFT_EMIT_LOC_STRINGS = NO;
				SWIFT_VERSION = 5.0;
				TARGETED_DEVICE_FAMILY = "1,2";
				TEST_HOST = "$(BUILT_PRODUCTS_DIR)/Helmet Detection.app/$(BUNDLE_EXECUTABLE_FOLDER_PATH)/Helmet Detection";
			};
			name = Debug;
		};
		35687EEA2CC7930000C2E975 /* Release */ = {
			isa = XCBuildConfiguration;
			buildSettings = {
				BUNDLE_LOADER = "$(TEST_HOST)";
				CODE_SIGN_STYLE = Automatic;
				CURRENT_PROJECT_VERSION = 1;
				DEVELOPMENT_TEAM = KRQN7Q75LR;
				GENERATE_INFOPLIST_FILE = YES;
				IPHONEOS_DEPLOYMENT_TARGET = 18.0;
				MARKETING_VERSION = 1.0;
				PRODUCT_BUNDLE_IDENTIFIER = "practice.Helmet-DetectionTests";
				PRODUCT_NAME = "$(TARGET_NAME)";
				SWIFT_EMIT_LOC_STRINGS = NO;
				SWIFT_VERSION = 5.0;
				TARGETED_DEVICE_FAMILY = "1,2";
				TEST_HOST = "$(BUILT_PRODUCTS_DIR)/Helmet Detection.app/$(BUNDLE_EXECUTABLE_FOLDER_PATH)/Helmet Detection";
			};
			name = Release;
		};
		35687EEC2CC7930000C2E975 /* Debug */ = {
			isa = XCBuildConfiguration;
			buildSettings = {
				CODE_SIGN_STYLE = Automatic;
				CURRENT_PROJECT_VERSION = 1;
				DEVELOPMENT_TEAM = KRQN7Q75LR;
				GENERATE_INFOPLIST_FILE = YES;
				MARKETING_VERSION = 1.0;
				PRODUCT_BUNDLE_IDENTIFIER = "practice.Helmet-DetectionUITests";
				PRODUCT_NAME = "$(TARGET_NAME)";
				SWIFT_EMIT_LOC_STRINGS = NO;
				SWIFT_VERSION = 5.0;
				TARGETED_DEVICE_FAMILY = "1,2";
				TEST_TARGET_NAME = "Helmet Detection";
			};
			name = Debug;
		};
		35687EED2CC7930000C2E975 /* Release */ = {
			isa = XCBuildConfiguration;
			buildSettings = {
				CODE_SIGN_STYLE = Automatic;
				CURRENT_PROJECT_VERSION = 1;
				DEVELOPMENT_TEAM = KRQN7Q75LR;
				GENERATE_INFOPLIST_FILE = YES;
				MARKETING_VERSION = 1.0;
				PRODUCT_BUNDLE_IDENTIFIER = "practice.Helmet-DetectionUITests";
				PRODUCT_NAME = "$(TARGET_NAME)";
				SWIFT_EMIT_LOC_STRINGS = NO;
				SWIFT_VERSION = 5.0;
				TARGETED_DEVICE_FAMILY = "1,2";
				TEST_TARGET_NAME = "Helmet Detection";
			};
			name = Release;
		};
/* End XCBuildConfiguration section */

/* Begin XCConfigurationList section */
		35687EBC2CC792FD00C2E975 /* Build configuration list for PBXProject "Helmet Detection" */ = {
			isa = XCConfigurationList;
			buildConfigurations = (
				35687EE32CC7930000C2E975 /* Debug */,
				35687EE42CC7930000C2E975 /* Release */,
			);
			defaultConfigurationIsVisible = 0;
			defaultConfigurationName = Release;
		};
		35687EE52CC7930000C2E975 /* Build configuration list for PBXNativeTarget "Helmet Detection" */ = {
			isa = XCConfigurationList;
			buildConfigurations = (
				35687EE62CC7930000C2E975 /* Debug */,
				35687EE72CC7930000C2E975 /* Release */,
			);
			defaultConfigurationIsVisible = 0;
			defaultConfigurationName = Release;
		};
		35687EE82CC7930000C2E975 /* Build configuration list for PBXNativeTarget "Helmet DetectionTests" */ = {
			isa = XCConfigurationList;
			buildConfigurations = (
				35687EE92CC7930000C2E975 /* Debug */,
				35687EEA2CC7930000C2E975 /* Release */,
			);
			defaultConfigurationIsVisible = 0;
			defaultConfigurationName = Release;
		};
		35687EEB2CC7930000C2E975 /* Build configuration list for PBXNativeTarget "Helmet DetectionUITests" */ = {
			isa = XCConfigurationList;
			buildConfigurations = (
				35687EEC2CC7930000C2E975 /* Debug */,
				35687EED2CC7930000C2E975 /* Release */,
			);
			defaultConfigurationIsVisible = 0;
			defaultConfigurationName = Release;
		};
/* End XCConfigurationList section */
	};
	rootObject = 35687EB92CC792FD00C2E975 /* Project object */;
}
